Microsoft Visual Studio Solution File, Format Version 12.00
# Visual Studio 2012
Project("{FAE04EC0-301F-11D3-BF4B-00C04F79EFBC}") = "Contrails", "Contrails.csproj", "{40B16A9D-2505-4E9D-8BFD-A6371798D2AD}"
EndProject
Global
	GlobalSection(SolutionConfigurationPlatforms) = preSolution
	Debug|Any CPU = Debug|Any CPU
	ExportDebug|Any CPU = ExportDebug|Any CPU
	ExportRelease|Any CPU = ExportRelease|Any CPU
	EndGlobalSection
	GlobalSection(ProjectConfigurationPlatforms) = postSolution
		{40B16A9D-2505-4E9D-8BFD-A6371798D2AD}.Debug|Any CPU.ActiveCfg = Debug|Any CPU
		{40B16A9D-2505-4E9D-8BFD-A6371798D2AD}.Debug|Any CPU.Build.0 = Debug|Any CPU
		{40B16A9D-2505-4E9D-8BFD-A6371798D2AD}.ExportDebug|Any CPU.ActiveCfg = ExportDebug|Any CPU
		{40B16A9D-2505-4E9D-8BFD-A6371798D2AD}.ExportDebug|Any CPU.Build.0 = ExportDebug|Any CPU
		{40B16A9D-2505-4E9D-8BFD-A6371798D2AD}.ExportRelease|Any CPU.ActiveCfg = ExportRelease|Any CPU
		{40B16A9D-2505-4E9D-8BFD-A6371798D2AD}.ExportRelease|Any CPU.Build.0 = ExportRelease|Any CPU
	EndGlobalSection
EndGlobal
